
Microsoft Visual Studio Solution File, Format Version 12.00
# Visual Studio Version 17
VisualStudioVersion = 17.7.34031.279
MinimumVisualStudioVersion = 10.0.40219.1
Project("{FAE04EC0-301F-11D3-BF4B-00C04F79EFBC}") = "P2_049", "P2_049\P2_049.csproj", "{34592E47-9E3B-472C-84D9-0591F47CEF82}"
EndProject
Global
	GlobalSection(SolutionConfigurationPlatforms) = preSolution
		Debug|Any CPU = Debug|Any CPU
		Release|Any CPU = Release|Any CPU
	EndGlobalSection
	GlobalSection(ProjectConfigurationPlatforms) = postSolution
		{34592E47-9E3B-472C-84D9-0591F47CEF82}.Debug|Any CPU.ActiveCfg = Debug|Any CPU
		{34592E47-9E3B-472C-84D9-0591F47CEF82}.Debug|Any CPU.Build.0 = Debug|Any CPU
		{34592E47-9E3B-472C-84D9-0591F47CEF82}.Release|Any CPU.ActiveCfg = Release|Any CPU
		{34592E47-9E3B-472C-84D9-0591F47CEF82}.Release|Any CPU.Build.0 = Release|Any CPU
	EndGlobalSection
	GlobalSection(SolutionProperties) = preSolution
		HideSolutionNode = FALSE
	EndGlobalSection
	GlobalSection(ExtensibilityGlobals) = postSolution
		SolutionGuid = {A993E36B-0ECF-4687-BD2D-252B94A4B452}
	EndGlobalSection
EndGlobal
